
Microsoft Visual Studio Solution File, Format Version 12.00
# Visual Studio Version 17
VisualStudioVersion = 17.6.33801.468
MinimumVisualStudioVersion = 10.0.40219.1
Project("{9A19103F-16F7-4668-BE54-9A1E7A4F7556}") = "RemoteMaster.Shared", "RemoteMaster.Shared\RemoteMaster.Shared.csproj", "{DFED8337-1138-4192-BC5D-354BDB952E2D}"
EndProject
Project("{2150E333-8FDC-42A3-9474-1A3956D46DE8}") = "Элементы решения", "Элементы решения", "{82DF7DE8-BFC3-46F5-AC9A-2804913B45AF}"
	ProjectSection(SolutionItems) = preProject
		Directory.Build.props = Directory.Build.props
		Directory.Packages.props = Directory.Packages.props
	EndProjectSection
EndProject
Project("{9A19103F-16F7-4668-BE54-9A1E7A4F7556}") = "RemoteMaster.Host.Core", "RemoteMaster.Host.Core\RemoteMaster.Host.Core.csproj", "{41E5CC1D-7772-4695-9100-B75EBFE4C5B7}"
EndProject
Project("{9A19103F-16F7-4668-BE54-9A1E7A4F7556}") = "RemoteMaster.Host.Windows", "RemoteMaster.Host.Windows\RemoteMaster.Host.Windows.csproj", "{997141CA-F785-485B-BAE7-1759A1AB091C}"
EndProject
Project("{9A19103F-16F7-4668-BE54-9A1E7A4F7556}") = "RemoteMaster.Server", "RemoteMaster.Server\RemoteMaster.Server.csproj", "{E9BCA6BD-8BC4-45C1-A638-56561BDDB612}"
EndProject
Project("{9A19103F-16F7-4668-BE54-9A1E7A4F7556}") = "RemoteMaster.Server.Tests", "RemoteMaster.Server.Tests\RemoteMaster.Server.Tests.csproj", "{63876997-A7C3-43D9-98F5-6AD4B0DAAC77}"
EndProject
Project("{FAE04EC0-301F-11D3-BF4B-00C04F79EFBC}") = "RemoteMaster.Host.Windows.Tests", "RemoteMaster.Host.Windows.Tests\RemoteMaster.Host.Windows.Tests.csproj", "{A7D22341-D9D5-40E5-91E4-7091058644F4}"
EndProject
Global
	GlobalSection(SolutionConfigurationPlatforms) = preSolution
		Debug|Any CPU = Debug|Any CPU
		Debug|arm64 = Debug|arm64
		Debug|x64 = Debug|x64
		Debug|x86 = Debug|x86
		Release|Any CPU = Release|Any CPU
		Release|arm64 = Release|arm64
		Release|x64 = Release|x64
		Release|x86 = Release|x86
	EndGlobalSection
	GlobalSection(ProjectConfigurationPlatforms) = postSolution
		{DFED8337-1138-4192-BC5D-354BDB952E2D}.Debug|Any CPU.ActiveCfg = Debug|Any CPU
		{DFED8337-1138-4192-BC5D-354BDB952E2D}.Debug|Any CPU.Build.0 = Debug|Any CPU
		{DFED8337-1138-4192-BC5D-354BDB952E2D}.Debug|arm64.ActiveCfg = Debug|Any CPU
		{DFED8337-1138-4192-BC5D-354BDB952E2D}.Debug|arm64.Build.0 = Debug|Any CPU
		{DFED8337-1138-4192-BC5D-354BDB952E2D}.Debug|x64.ActiveCfg = Debug|Any CPU
		{DFED8337-1138-4192-BC5D-354BDB952E2D}.Debug|x64.Build.0 = Debug|Any CPU
		{DFED8337-1138-4192-BC5D-354BDB952E2D}.Debug|x86.ActiveCfg = Debug|Any CPU
		{DFED8337-1138-4192-BC5D-354BDB952E2D}.Debug|x86.Build.0 = Debug|Any CPU
		{DFED8337-1138-4192-BC5D-354BDB952E2D}.Release|Any CPU.ActiveCfg = Release|Any CPU
		{DFED8337-1138-4192-BC5D-354BDB952E2D}.Release|Any CPU.Build.0 = Release|Any CPU
		{DFED8337-1138-4192-BC5D-354BDB952E2D}.Release|arm64.ActiveCfg = Release|Any CPU
		{DFED8337-1138-4192-BC5D-354BDB952E2D}.Release|arm64.Build.0 = Release|Any CPU
		{DFED8337-1138-4192-BC5D-354BDB952E2D}.Release|x64.ActiveCfg = Release|Any CPU
		{DFED8337-1138-4192-BC5D-354BDB952E2D}.Release|x64.Build.0 = Release|Any CPU
		{DFED8337-1138-4192-BC5D-354BDB952E2D}.Release|x86.ActiveCfg = Release|Any CPU
		{DFED8337-1138-4192-BC5D-354BDB952E2D}.Release|x86.Build.0 = Release|Any CPU
		{41E5CC1D-7772-4695-9100-B75EBFE4C5B7}.Debug|Any CPU.ActiveCfg = Debug|Any CPU
		{41E5CC1D-7772-4695-9100-B75EBFE4C5B7}.Debug|Any CPU.Build.0 = Debug|Any CPU
		{41E5CC1D-7772-4695-9100-B75EBFE4C5B7}.Debug|arm64.ActiveCfg = Debug|Any CPU
		{41E5CC1D-7772-4695-9100-B75EBFE4C5B7}.Debug|arm64.Build.0 = Debug|Any CPU
		{41E5CC1D-7772-4695-9100-B75EBFE4C5B7}.Debug|x64.ActiveCfg = Debug|Any CPU
		{41E5CC1D-7772-4695-9100-B75EBFE4C5B7}.Debug|x64.Build.0 = Debug|Any CPU
		{41E5CC1D-7772-4695-9100-B75EBFE4C5B7}.Debug|x86.ActiveCfg = Debug|Any CPU
		{41E5CC1D-7772-4695-9100-B75EBFE4C5B7}.Debug|x86.Build.0 = Debug|Any CPU
		{41E5CC1D-7772-4695-9100-B75EBFE4C5B7}.Release|Any CPU.ActiveCfg = Release|Any CPU
		{41E5CC1D-7772-4695-9100-B75EBFE4C5B7}.Release|Any CPU.Build.0 = Release|Any CPU
		{41E5CC1D-7772-4695-9100-B75EBFE4C5B7}.Release|arm64.ActiveCfg = Release|Any CPU
		{41E5CC1D-7772-4695-9100-B75EBFE4C5B7}.Release|arm64.Build.0 = Release|Any CPU
		{41E5CC1D-7772-4695-9100-B75EBFE4C5B7}.Release|x64.ActiveCfg = Release|Any CPU
		{41E5CC1D-7772-4695-9100-B75EBFE4C5B7}.Release|x64.Build.0 = Release|Any CPU
		{41E5CC1D-7772-4695-9100-B75EBFE4C5B7}.Release|x86.ActiveCfg = Release|Any CPU
		{41E5CC1D-7772-4695-9100-B75EBFE4C5B7}.Release|x86.Build.0 = Release|Any CPU
		{997141CA-F785-485B-BAE7-1759A1AB091C}.Debug|Any CPU.ActiveCfg = Debug|Any CPU
		{997141CA-F785-485B-BAE7-1759A1AB091C}.Debug|Any CPU.Build.0 = Debug|Any CPU
		{997141CA-F785-485B-BAE7-1759A1AB091C}.Debug|arm64.ActiveCfg = Debug|Any CPU
		{997141CA-F785-485B-BAE7-1759A1AB091C}.Debug|arm64.Build.0 = Debug|Any CPU
		{997141CA-F785-485B-BAE7-1759A1AB091C}.Debug|x64.ActiveCfg = Debug|Any CPU
		{997141CA-F785-485B-BAE7-1759A1AB091C}.Debug|x64.Build.0 = Debug|Any CPU
		{997141CA-F785-485B-BAE7-1759A1AB091C}.Debug|x86.ActiveCfg = Debug|Any CPU
		{997141CA-F785-485B-BAE7-1759A1AB091C}.Debug|x86.Build.0 = Debug|Any CPU
		{997141CA-F785-485B-BAE7-1759A1AB091C}.Release|Any CPU.ActiveCfg = Release|Any CPU
		{997141CA-F785-485B-BAE7-1759A1AB091C}.Release|Any CPU.Build.0 = Release|Any CPU
		{997141CA-F785-485B-BAE7-1759A1AB091C}.Release|arm64.ActiveCfg = Release|Any CPU
		{997141CA-F785-485B-BAE7-1759A1AB091C}.Release|arm64.Build.0 = Release|Any CPU
		{997141CA-F785-485B-BAE7-1759A1AB091C}.Release|x64.ActiveCfg = Release|Any CPU
		{997141CA-F785-485B-BAE7-1759A1AB091C}.Release|x64.Build.0 = Release|Any CPU
		{997141CA-F785-485B-BAE7-1759A1AB091C}.Release|x86.ActiveCfg = Release|Any CPU
		{997141CA-F785-485B-BAE7-1759A1AB091C}.Release|x86.Build.0 = Release|Any CPU
		{E9BCA6BD-8BC4-45C1-A638-56561BDDB612}.Debug|Any CPU.ActiveCfg = Debug|Any CPU
		{E9BCA6BD-8BC4-45C1-A638-56561BDDB612}.Debug|Any CPU.Build.0 = Debug|Any CPU
		{E9BCA6BD-8BC4-45C1-A638-56561BDDB612}.Debug|arm64.ActiveCfg = Debug|Any CPU
		{E9BCA6BD-8BC4-45C1-A638-56561BDDB612}.Debug|arm64.Build.0 = Debug|Any CPU
		{E9BCA6BD-8BC4-45C1-A638-56561BDDB612}.Debug|x64.ActiveCfg = Debug|Any CPU
		{E9BCA6BD-8BC4-45C1-A638-56561BDDB612}.Debug|x64.Build.0 = Debug|Any CPU
		{E9BCA6BD-8BC4-45C1-A638-56561BDDB612}.Debug|x86.ActiveCfg = Debug|Any CPU
		{E9BCA6BD-8BC4-45C1-A638-56561BDDB612}.Debug|x86.Build.0 = Debug|Any CPU
		{E9BCA6BD-8BC4-45C1-A638-56561BDDB612}.Release|Any CPU.ActiveCfg = Release|Any CPU
		{E9BCA6BD-8BC4-45C1-A638-56561BDDB612}.Release|Any CPU.Build.0 = Release|Any CPU
		{E9BCA6BD-8BC4-45C1-A638-56561BDDB612}.Release|arm64.ActiveCfg = Release|Any CPU
		{E9BCA6BD-8BC4-45C1-A638-56561BDDB612}.Release|arm64.Build.0 = Release|Any CPU
		{E9BCA6BD-8BC4-45C1-A638-56561BDDB612}.Release|x64.ActiveCfg = Release|Any CPU
		{E9BCA6BD-8BC4-45C1-A638-56561BDDB612}.Release|x64.Build.0 = Release|Any CPU
		{E9BCA6BD-8BC4-45C1-A638-56561BDDB612}.Release|x86.ActiveCfg = Release|Any CPU
		{E9BCA6BD-8BC4-45C1-A638-56561BDDB612}.Release|x86.Build.0 = Release|Any CPU
		{63876997-A7C3-43D9-98F5-6AD4B0DAAC77}.Debug|Any CPU.ActiveCfg = Debug|Any CPU
		{63876997-A7C3-43D9-98F5-6AD4B0DAAC77}.Debug|Any CPU.Build.0 = Debug|Any CPU
		{63876997-A7C3-43D9-98F5-6AD4B0DAAC77}.Debug|arm64.ActiveCfg = Debug|Any CPU
		{63876997-A7C3-43D9-98F5-6AD4B0DAAC77}.Debug|arm64.Build.0 = Debug|Any CPU
		{63876997-A7C3-43D9-98F5-6AD4B0DAAC77}.Debug|x64.ActiveCfg = Debug|Any CPU
		{63876997-A7C3-43D9-98F5-6AD4B0DAAC77}.Debug|x64.Build.0 = Debug|Any CPU
		{63876997-A7C3-43D9-98F5-6AD4B0DAAC77}.Debug|x86.ActiveCfg = Debug|Any CPU
		{63876997-A7C3-43D9-98F5-6AD4B0DAAC77}.Debug|x86.Build.0 = Debug|Any CPU
		{63876997-A7C3-43D9-98F5-6AD4B0DAAC77}.Release|Any CPU.ActiveCfg = Release|Any CPU
		{63876997-A7C3-43D9-98F5-6AD4B0DAAC77}.Release|Any CPU.Build.0 = Release|Any CPU
		{63876997-A7C3-43D9-98F5-6AD4B0DAAC77}.Release|arm64.ActiveCfg = Release|Any CPU
		{63876997-A7C3-43D9-98F5-6AD4B0DAAC77}.Release|arm64.Build.0 = Release|Any CPU
		{63876997-A7C3-43D9-98F5-6AD4B0DAAC77}.Release|x64.ActiveCfg = Release|Any CPU
		{63876997-A7C3-43D9-98F5-6AD4B0DAAC77}.Release|x64.Build.0 = Release|Any CPU
		{63876997-A7C3-43D9-98F5-6AD4B0DAAC77}.Release|x86.ActiveCfg = Release|Any CPU
		{63876997-A7C3-43D9-98F5-6AD4B0DAAC77}.Release|x86.Build.0 = Release|Any CPU
		{A7D22341-D9D5-40E5-91E4-7091058644F4}.Debug|Any CPU.ActiveCfg = Debug|Any CPU
		{A7D22341-D9D5-40E5-91E4-7091058644F4}.Debug|Any CPU.Build.0 = Debug|Any CPU
		{A7D22341-D9D5-40E5-91E4-7091058644F4}.Debug|arm64.ActiveCfg = Debug|Any CPU
		{A7D22341-D9D5-40E5-91E4-7091058644F4}.Debug|arm64.Build.0 = Debug|Any CPU
		{A7D22341-D9D5-40E5-91E4-7091058644F4}.Debug|x64.ActiveCfg = Debug|Any CPU
		{A7D22341-D9D5-40E5-91E4-7091058644F4}.Debug|x64.Build.0 = Debug|Any CPU
		{A7D22341-D9D5-40E5-91E4-7091058644F4}.Debug|x86.ActiveCfg = Debug|Any CPU
		{A7D22341-D9D5-40E5-91E4-7091058644F4}.Debug|x86.Build.0 = Debug|Any CPU
		{A7D22341-D9D5-40E5-91E4-7091058644F4}.Release|Any CPU.ActiveCfg = Release|Any CPU
		{A7D22341-D9D5-40E5-91E4-7091058644F4}.Release|Any CPU.Build.0 = Release|Any CPU
		{A7D22341-D9D5-40E5-91E4-7091058644F4}.Release|arm64.ActiveCfg = Release|Any CPU
		{A7D22341-D9D5-40E5-91E4-7091058644F4}.Release|arm64.Build.0 = Release|Any CPU
		{A7D22341-D9D5-40E5-91E4-7091058644F4}.Release|x64.ActiveCfg = Release|Any CPU
		{A7D22341-D9D5-40E5-91E4-7091058644F4}.Release|x64.Build.0 = Release|Any CPU
		{A7D22341-D9D5-40E5-91E4-7091058644F4}.Release|x86.ActiveCfg = Release|Any CPU
		{A7D22341-D9D5-40E5-91E4-7091058644F4}.Release|x86.Build.0 = Release|Any CPU
	EndGlobalSection
	GlobalSection(SolutionProperties) = preSolution
		HideSolutionNode = FALSE
	EndGlobalSection
	GlobalSection(ExtensibilityGlobals) = postSolution
		SolutionGuid = {D46649EB-CC87-4DAF-9C4F-933FE86A3182}
	EndGlobalSection
EndGlobal
