
Microsoft Visual Studio Solution File, Format Version 12.00
# Visual Studio Version 17
VisualStudioVersion = 17.6.33801.468
MinimumVisualStudioVersion = 10.0.40219.1
Project("{9A19103F-16F7-4668-BE54-9A1E7A4F7556}") = "RemoteMaster.Server", "RemoteMaster.Server\RemoteMaster.Server.csproj", "{3D8ED171-6553-4B59-9D0F-20713654C990}"
EndProject
Project("{9A19103F-16F7-4668-BE54-9A1E7A4F7556}") = "RemoteMaster.Client.Windows", "RemoteMaster.Client.Windows\RemoteMaster.Client.Windows.csproj", "{3462A20B-02FA-472D-A55C-31DF1B54B9C0}"
EndProject
Project("{9A19103F-16F7-4668-BE54-9A1E7A4F7556}") = "RemoteMaster.Shared", "RemoteMaster.Shared\RemoteMaster.Shared.csproj", "{DFED8337-1138-4192-BC5D-354BDB952E2D}"
EndProject
Project("{9A19103F-16F7-4668-BE54-9A1E7A4F7556}") = "RemoteMaster.Agent.Windows", "RemoteMaster.Agent.Windows\RemoteMaster.Agent.Windows.csproj", "{01A08820-6471-41A9-8F76-A574B2DF3709}"
EndProject
Project("{9A19103F-16F7-4668-BE54-9A1E7A4F7556}") = "RemoteMaster.Client.Core", "RemoteMaster.Client.Core\RemoteMaster.Client.Core.csproj", "{D3317F38-ACDE-40C2-BE81-536EB7336E42}"
EndProject
Project("{2150E333-8FDC-42A3-9474-1A3956D46DE8}") = "Элементы решения", "Элементы решения", "{82DF7DE8-BFC3-46F5-AC9A-2804913B45AF}"
	ProjectSection(SolutionItems) = preProject
		Directory.Build.props = Directory.Build.props
		Directory.Packages.props = Directory.Packages.props
	EndProjectSection
EndProject
Project("{9A19103F-16F7-4668-BE54-9A1E7A4F7556}") = "RemoteMaster.Agent.Core", "RemoteMaster.Agent.Core\RemoteMaster.Agent.Core.csproj", "{41E5CC1D-7772-4695-9100-B75EBFE4C5B7}"
EndProject
Global
	GlobalSection(SolutionConfigurationPlatforms) = preSolution
		Debug|Any CPU = Debug|Any CPU
		Debug|arm64 = Debug|arm64
		Debug|x64 = Debug|x64
		Debug|x86 = Debug|x86
		Release|Any CPU = Release|Any CPU
		Release|arm64 = Release|arm64
		Release|x64 = Release|x64
		Release|x86 = Release|x86
	EndGlobalSection
	GlobalSection(ProjectConfigurationPlatforms) = postSolution
		{3D8ED171-6553-4B59-9D0F-20713654C990}.Debug|Any CPU.ActiveCfg = Debug|Any CPU
		{3D8ED171-6553-4B59-9D0F-20713654C990}.Debug|Any CPU.Build.0 = Debug|Any CPU
		{3D8ED171-6553-4B59-9D0F-20713654C990}.Debug|arm64.ActiveCfg = Debug|Any CPU
		{3D8ED171-6553-4B59-9D0F-20713654C990}.Debug|arm64.Build.0 = Debug|Any CPU
		{3D8ED171-6553-4B59-9D0F-20713654C990}.Debug|x64.ActiveCfg = Debug|Any CPU
		{3D8ED171-6553-4B59-9D0F-20713654C990}.Debug|x64.Build.0 = Debug|Any CPU
		{3D8ED171-6553-4B59-9D0F-20713654C990}.Debug|x86.ActiveCfg = Debug|Any CPU
		{3D8ED171-6553-4B59-9D0F-20713654C990}.Debug|x86.Build.0 = Debug|Any CPU
		{3D8ED171-6553-4B59-9D0F-20713654C990}.Release|Any CPU.ActiveCfg = Release|Any CPU
		{3D8ED171-6553-4B59-9D0F-20713654C990}.Release|Any CPU.Build.0 = Release|Any CPU
		{3D8ED171-6553-4B59-9D0F-20713654C990}.Release|arm64.ActiveCfg = Release|Any CPU
		{3D8ED171-6553-4B59-9D0F-20713654C990}.Release|arm64.Build.0 = Release|Any CPU
		{3D8ED171-6553-4B59-9D0F-20713654C990}.Release|x64.ActiveCfg = Release|Any CPU
		{3D8ED171-6553-4B59-9D0F-20713654C990}.Release|x64.Build.0 = Release|Any CPU
		{3D8ED171-6553-4B59-9D0F-20713654C990}.Release|x86.ActiveCfg = Release|Any CPU
		{3D8ED171-6553-4B59-9D0F-20713654C990}.Release|x86.Build.0 = Release|Any CPU
		{3462A20B-02FA-472D-A55C-31DF1B54B9C0}.Debug|Any CPU.ActiveCfg = Debug|Any CPU
		{3462A20B-02FA-472D-A55C-31DF1B54B9C0}.Debug|Any CPU.Build.0 = Debug|Any CPU
		{3462A20B-02FA-472D-A55C-31DF1B54B9C0}.Debug|arm64.ActiveCfg = Debug|Any CPU
		{3462A20B-02FA-472D-A55C-31DF1B54B9C0}.Debug|arm64.Build.0 = Debug|Any CPU
		{3462A20B-02FA-472D-A55C-31DF1B54B9C0}.Debug|x64.ActiveCfg = Debug|Any CPU
		{3462A20B-02FA-472D-A55C-31DF1B54B9C0}.Debug|x64.Build.0 = Debug|Any CPU
		{3462A20B-02FA-472D-A55C-31DF1B54B9C0}.Debug|x86.ActiveCfg = Debug|Any CPU
		{3462A20B-02FA-472D-A55C-31DF1B54B9C0}.Debug|x86.Build.0 = Debug|Any CPU
		{3462A20B-02FA-472D-A55C-31DF1B54B9C0}.Release|Any CPU.ActiveCfg = Release|Any CPU
		{3462A20B-02FA-472D-A55C-31DF1B54B9C0}.Release|Any CPU.Build.0 = Release|Any CPU
		{3462A20B-02FA-472D-A55C-31DF1B54B9C0}.Release|arm64.ActiveCfg = Release|Any CPU
		{3462A20B-02FA-472D-A55C-31DF1B54B9C0}.Release|arm64.Build.0 = Release|Any CPU
		{3462A20B-02FA-472D-A55C-31DF1B54B9C0}.Release|x64.ActiveCfg = Release|Any CPU
		{3462A20B-02FA-472D-A55C-31DF1B54B9C0}.Release|x64.Build.0 = Release|Any CPU
		{3462A20B-02FA-472D-A55C-31DF1B54B9C0}.Release|x86.ActiveCfg = Release|Any CPU
		{3462A20B-02FA-472D-A55C-31DF1B54B9C0}.Release|x86.Build.0 = Release|Any CPU
		{DFED8337-1138-4192-BC5D-354BDB952E2D}.Debug|Any CPU.ActiveCfg = Debug|Any CPU
		{DFED8337-1138-4192-BC5D-354BDB952E2D}.Debug|Any CPU.Build.0 = Debug|Any CPU
		{DFED8337-1138-4192-BC5D-354BDB952E2D}.Debug|arm64.ActiveCfg = Debug|Any CPU
		{DFED8337-1138-4192-BC5D-354BDB952E2D}.Debug|arm64.Build.0 = Debug|Any CPU
		{DFED8337-1138-4192-BC5D-354BDB952E2D}.Debug|x64.ActiveCfg = Debug|Any CPU
		{DFED8337-1138-4192-BC5D-354BDB952E2D}.Debug|x64.Build.0 = Debug|Any CPU
		{DFED8337-1138-4192-BC5D-354BDB952E2D}.Debug|x86.ActiveCfg = Debug|Any CPU
		{DFED8337-1138-4192-BC5D-354BDB952E2D}.Debug|x86.Build.0 = Debug|Any CPU
		{DFED8337-1138-4192-BC5D-354BDB952E2D}.Release|Any CPU.ActiveCfg = Release|Any CPU
		{DFED8337-1138-4192-BC5D-354BDB952E2D}.Release|Any CPU.Build.0 = Release|Any CPU
		{DFED8337-1138-4192-BC5D-354BDB952E2D}.Release|arm64.ActiveCfg = Release|Any CPU
		{DFED8337-1138-4192-BC5D-354BDB952E2D}.Release|arm64.Build.0 = Release|Any CPU
		{DFED8337-1138-4192-BC5D-354BDB952E2D}.Release|x64.ActiveCfg = Release|Any CPU
		{DFED8337-1138-4192-BC5D-354BDB952E2D}.Release|x64.Build.0 = Release|Any CPU
		{DFED8337-1138-4192-BC5D-354BDB952E2D}.Release|x86.ActiveCfg = Release|Any CPU
		{DFED8337-1138-4192-BC5D-354BDB952E2D}.Release|x86.Build.0 = Release|Any CPU
		{01A08820-6471-41A9-8F76-A574B2DF3709}.Debug|Any CPU.ActiveCfg = Debug|Any CPU
		{01A08820-6471-41A9-8F76-A574B2DF3709}.Debug|Any CPU.Build.0 = Debug|Any CPU
		{01A08820-6471-41A9-8F76-A574B2DF3709}.Debug|arm64.ActiveCfg = Debug|Any CPU
		{01A08820-6471-41A9-8F76-A574B2DF3709}.Debug|arm64.Build.0 = Debug|Any CPU
		{01A08820-6471-41A9-8F76-A574B2DF3709}.Debug|x64.ActiveCfg = Debug|Any CPU
		{01A08820-6471-41A9-8F76-A574B2DF3709}.Debug|x64.Build.0 = Debug|Any CPU
		{01A08820-6471-41A9-8F76-A574B2DF3709}.Debug|x86.ActiveCfg = Debug|Any CPU
		{01A08820-6471-41A9-8F76-A574B2DF3709}.Debug|x86.Build.0 = Debug|Any CPU
		{01A08820-6471-41A9-8F76-A574B2DF3709}.Release|Any CPU.ActiveCfg = Release|Any CPU
		{01A08820-6471-41A9-8F76-A574B2DF3709}.Release|Any CPU.Build.0 = Release|Any CPU
		{01A08820-6471-41A9-8F76-A574B2DF3709}.Release|arm64.ActiveCfg = Release|Any CPU
		{01A08820-6471-41A9-8F76-A574B2DF3709}.Release|arm64.Build.0 = Release|Any CPU
		{01A08820-6471-41A9-8F76-A574B2DF3709}.Release|x64.ActiveCfg = Release|Any CPU
		{01A08820-6471-41A9-8F76-A574B2DF3709}.Release|x64.Build.0 = Release|Any CPU
		{01A08820-6471-41A9-8F76-A574B2DF3709}.Release|x86.ActiveCfg = Release|Any CPU
		{01A08820-6471-41A9-8F76-A574B2DF3709}.Release|x86.Build.0 = Release|Any CPU
		{D3317F38-ACDE-40C2-BE81-536EB7336E42}.Debug|Any CPU.ActiveCfg = Debug|Any CPU
		{D3317F38-ACDE-40C2-BE81-536EB7336E42}.Debug|Any CPU.Build.0 = Debug|Any CPU
		{D3317F38-ACDE-40C2-BE81-536EB7336E42}.Debug|arm64.ActiveCfg = Debug|Any CPU
		{D3317F38-ACDE-40C2-BE81-536EB7336E42}.Debug|arm64.Build.0 = Debug|Any CPU
		{D3317F38-ACDE-40C2-BE81-536EB7336E42}.Debug|x64.ActiveCfg = Debug|Any CPU
		{D3317F38-ACDE-40C2-BE81-536EB7336E42}.Debug|x64.Build.0 = Debug|Any CPU
		{D3317F38-ACDE-40C2-BE81-536EB7336E42}.Debug|x86.ActiveCfg = Debug|Any CPU
		{D3317F38-ACDE-40C2-BE81-536EB7336E42}.Debug|x86.Build.0 = Debug|Any CPU
		{D3317F38-ACDE-40C2-BE81-536EB7336E42}.Release|Any CPU.ActiveCfg = Release|Any CPU
		{D3317F38-ACDE-40C2-BE81-536EB7336E42}.Release|Any CPU.Build.0 = Release|Any CPU
		{D3317F38-ACDE-40C2-BE81-536EB7336E42}.Release|arm64.ActiveCfg = Release|Any CPU
		{D3317F38-ACDE-40C2-BE81-536EB7336E42}.Release|arm64.Build.0 = Release|Any CPU
		{D3317F38-ACDE-40C2-BE81-536EB7336E42}.Release|x64.ActiveCfg = Release|Any CPU
		{D3317F38-ACDE-40C2-BE81-536EB7336E42}.Release|x64.Build.0 = Release|Any CPU
		{D3317F38-ACDE-40C2-BE81-536EB7336E42}.Release|x86.ActiveCfg = Release|Any CPU
		{D3317F38-ACDE-40C2-BE81-536EB7336E42}.Release|x86.Build.0 = Release|Any CPU
		{41E5CC1D-7772-4695-9100-B75EBFE4C5B7}.Debug|Any CPU.ActiveCfg = Debug|Any CPU
		{41E5CC1D-7772-4695-9100-B75EBFE4C5B7}.Debug|Any CPU.Build.0 = Debug|Any CPU
		{41E5CC1D-7772-4695-9100-B75EBFE4C5B7}.Debug|arm64.ActiveCfg = Debug|Any CPU
		{41E5CC1D-7772-4695-9100-B75EBFE4C5B7}.Debug|arm64.Build.0 = Debug|Any CPU
		{41E5CC1D-7772-4695-9100-B75EBFE4C5B7}.Debug|x64.ActiveCfg = Debug|Any CPU
		{41E5CC1D-7772-4695-9100-B75EBFE4C5B7}.Debug|x64.Build.0 = Debug|Any CPU
		{41E5CC1D-7772-4695-9100-B75EBFE4C5B7}.Debug|x86.ActiveCfg = Debug|Any CPU
		{41E5CC1D-7772-4695-9100-B75EBFE4C5B7}.Debug|x86.Build.0 = Debug|Any CPU
		{41E5CC1D-7772-4695-9100-B75EBFE4C5B7}.Release|Any CPU.ActiveCfg = Release|Any CPU
		{41E5CC1D-7772-4695-9100-B75EBFE4C5B7}.Release|Any CPU.Build.0 = Release|Any CPU
		{41E5CC1D-7772-4695-9100-B75EBFE4C5B7}.Release|arm64.ActiveCfg = Release|Any CPU
		{41E5CC1D-7772-4695-9100-B75EBFE4C5B7}.Release|arm64.Build.0 = Release|Any CPU
		{41E5CC1D-7772-4695-9100-B75EBFE4C5B7}.Release|x64.ActiveCfg = Release|Any CPU
		{41E5CC1D-7772-4695-9100-B75EBFE4C5B7}.Release|x64.Build.0 = Release|Any CPU
		{41E5CC1D-7772-4695-9100-B75EBFE4C5B7}.Release|x86.ActiveCfg = Release|Any CPU
		{41E5CC1D-7772-4695-9100-B75EBFE4C5B7}.Release|x86.Build.0 = Release|Any CPU
	EndGlobalSection
	GlobalSection(SolutionProperties) = preSolution
		HideSolutionNode = FALSE
	EndGlobalSection
	GlobalSection(ExtensibilityGlobals) = postSolution
		SolutionGuid = {D46649EB-CC87-4DAF-9C4F-933FE86A3182}
	EndGlobalSection
EndGlobal
