{
  "version": 2,
  "dependencies": {
    "net7.0": {
      "Microsoft.AspNetCore.SignalR.Protocols.MessagePack": {
        "type": "Direct",
        "requested": "[7.0.9, )",
        "resolved": "7.0.9",
        "contentHash": "f+RguMjqVQS25dGv8n1SNwVCfXPC3u0Q3CxIH/bOUZ8I/c6XbkuF25dLjpYNq8mO2q1Wq2YonK+HDBvuncBBmA==",
        "dependencies": {
          "MessagePack": "2.1.90",
          "Microsoft.AspNetCore.SignalR.Common": "7.0.9"
        }
      },
      "Microsoft.Extensions.Caching.Memory": {
        "type": "Direct",
        "requested": "[7.0.0, )",
        "resolved": "7.0.0",
        "contentHash": "xpidBs2KCE2gw1JrD0quHE72kvCaI3xFql5/Peb2GRtUuZX+dYPoK/NTdVMiM67Svym0M0Df9A3xyU0FbMQhHw==",
        "dependencies": {
          "Microsoft.Extensions.Caching.Abstractions": "7.0.0",
          "Microsoft.Extensions.DependencyInjection.Abstractions": "7.0.0",
          "Microsoft.Extensions.Logging.Abstractions": "7.0.0",
          "Microsoft.Extensions.Options": "7.0.0",
          "Microsoft.Extensions.Primitives": "7.0.0"
        }
      },
      "Microsoft.Extensions.Logging": {
        "type": "Direct",
        "requested": "[7.0.0, )",
        "resolved": "7.0.0",
        "contentHash": "Nw2muoNrOG5U5qa2ZekXwudUn2BJcD41e65zwmDHb1fQegTX66UokLWZkJRpqSSHXDOWZ5V0iqhbxOEky91atA==",
        "dependencies": {
          "Microsoft.Extensions.DependencyInjection": "7.0.0",
          "Microsoft.Extensions.DependencyInjection.Abstractions": "7.0.0",
          "Microsoft.Extensions.Logging.Abstractions": "7.0.0",
          "Microsoft.Extensions.Options": "7.0.0"
        }
      },
      "Microsoft.Win32.SystemEvents": {
        "type": "Direct",
        "requested": "[7.0.0, )",
        "resolved": "7.0.0",
        "contentHash": "2nXPrhdAyAzir0gLl8Yy8S5Mnm/uBSQQA7jEsILOS1MTyS7DbmV1NgViMtvV1sfCD1ebITpNwb1NIinKeJgUVQ=="
      },
      "Microsoft.Windows.CsWin32": {
        "type": "Direct",
        "requested": "[0.3.21-beta, )",
        "resolved": "0.3.21-beta",
        "contentHash": "RccIrBt0v+GSHdZkLEl27mg3ABB1V2uwFp5fNDLK+qBBvYikKyIJCR7FvugE8rOG9uVBvY2Lvh07kRqNhCF+Hw==",
        "dependencies": {
          "Microsoft.Windows.SDK.Win32Docs": "0.1.41-alpha",
          "Microsoft.Windows.SDK.Win32Metadata": "52.0.65-preview",
          "Microsoft.Windows.WDK.Win32Metadata": "0.7.3-experimental",
          "System.Memory": "4.5.5",
          "System.Runtime.CompilerServices.Unsafe": "6.0.0"
        }
      },
      "Microsoft.Windows.SDK.Win32Metadata": {
        "type": "Direct",
        "requested": "[53.0.14-preview, )",
        "resolved": "53.0.14-preview",
        "contentHash": "GkjImMPDK+p6dsE46GQu0+HDTH6jrY6V5eOFehyGic6QWiB/3TIyYNhhUlZC4hCiObjqmxOVKiJDs8GZ2pyMjg=="
      },
      "MessagePack": {
        "type": "Transitive",
        "resolved": "2.1.90",
        "contentHash": "frdAkIQyILYjAhH8Q107N77eccLjnkYr8/L+3vHeCezI0rvfCB2xiZjin936QFtskLBmgW1D9y6bKs45zddVLQ==",
        "dependencies": {
          "MessagePack.Annotations": "2.1.90",
          "Microsoft.Bcl.AsyncInterfaces": "1.0.0",
          "System.Memory": "4.5.3",
          "System.Reflection.Emit": "4.6.0",
          "System.Reflection.Emit.Lightweight": "4.6.0",
          "System.Runtime.CompilerServices.Unsafe": "4.5.2",
          "System.Threading.Tasks.Extensions": "4.5.3"
        }
      },
      "MessagePack.Annotations": {
        "type": "Transitive",
        "resolved": "2.1.90",
        "contentHash": "YnS4qdOMFJuC8TDvXK8ECjWn+hI/B6apwMSgQsiynVXxsvFiiSyun7OXgVT7KxkR8qLinFuASzoG/5zv3kemwQ=="
      },
      "Microsoft.AspNetCore.Connections.Abstractions": {
        "type": "Transitive",
        "resolved": "7.0.9",
        "contentHash": "T/A7MkuL0g4r/oNuASR2gIukWoG2360/tuS9RoiU1dOwTlMYthHJaK8NEpswMihcImCDryiHp5dJCPTZHIs9TQ==",
        "dependencies": {
          "Microsoft.Extensions.Features": "7.0.9",
          "System.IO.Pipelines": "7.0.0"
        }
      },
      "Microsoft.AspNetCore.SignalR.Common": {
        "type": "Transitive",
        "resolved": "7.0.9",
        "contentHash": "u+mm77kNAm2qDjyXhZJnNDY1g0W6Tql4TbLClITMIK54KmOn+lzTsdpFBb41qJ1Jr1Qj+nC0yAXffEga008T6g==",
        "dependencies": {
          "Microsoft.AspNetCore.Connections.Abstractions": "7.0.9",
          "Microsoft.Extensions.Options": "7.0.1"
        }
      },
      "Microsoft.Bcl.AsyncInterfaces": {
        "type": "Transitive",
        "resolved": "1.0.0",
        "contentHash": "K63Y4hORbBcKLWH5wnKgzyn7TOfYzevIEwIedQHBIkmkEBA9SCqgvom+XTuE+fAFGvINGkhFItaZ2dvMGdT5iw=="
      },
      "Microsoft.Extensions.Caching.Abstractions": {
        "type": "Transitive",
        "resolved": "7.0.0",
        "contentHash": "IeimUd0TNbhB4ded3AbgBLQv2SnsiVugDyGV1MvspQFVlA07nDC7Zul7kcwH5jWN3JiTcp/ySE83AIJo8yfKjg==",
        "dependencies": {
          "Microsoft.Extensions.Primitives": "7.0.0"
        }
      },
      "Microsoft.Extensions.DependencyInjection": {
        "type": "Transitive",
        "resolved": "7.0.0",
        "contentHash": "elNeOmkeX3eDVG6pYVeV82p29hr+UKDaBhrZyWvWLw/EVZSYEkZlQdkp0V39k/Xehs2Qa0mvoCvkVj3eQxNQ1Q==",
        "dependencies": {
          "Microsoft.Extensions.DependencyInjection.Abstractions": "7.0.0"
        }
      },
      "Microsoft.Extensions.DependencyInjection.Abstractions": {
        "type": "Transitive",
        "resolved": "7.0.0",
        "contentHash": "h3j/QfmFN4S0w4C2A6X7arXij/M/OVw3uQHSOFxnND4DyAzO1F9eMX7Eti7lU/OkSthEE0WzRsfT/Dmx86jzCw=="
      },
      "Microsoft.Extensions.Features": {
        "type": "Transitive",
        "resolved": "7.0.9",
        "contentHash": "IJ2vdDt2OYCKyJ7ZJPIZKa4b0M0tsG36h0QUt1d/E8IMAnjIncI+1i9Am0nmheD/wpcVd9eDykiV4dklcwUd3Q=="
      },
      "Microsoft.Extensions.Logging.Abstractions": {
        "type": "Transitive",
        "resolved": "7.0.0",
        "contentHash": "kmn78+LPVMOWeITUjIlfxUPDsI0R6G0RkeAMBmQxAJ7vBJn4q2dTva7pWi65ceN5vPGjJ9q/Uae2WKgvfktJAw=="
      },
      "Microsoft.Extensions.Options": {
        "type": "Transitive",
        "resolved": "7.0.1",
        "contentHash": "pZRDYdN1FpepOIfHU62QoBQ6zdAoTvnjxFfqAzEd9Jhb2dfhA5i6jeTdgGgcgTWFRC7oT0+3XrbQu4LjvgX1Nw==",
        "dependencies": {
          "Microsoft.Extensions.DependencyInjection.Abstractions": "7.0.0",
          "Microsoft.Extensions.Primitives": "7.0.0"
        }
      },
      "Microsoft.Extensions.Primitives": {
        "type": "Transitive",
        "resolved": "7.0.0",
        "contentHash": "um1KU5kxcRp3CNuI8o/GrZtD4AIOXDk+RLsytjZ9QPok3ttLUelLKpilVPuaFT3TFjOhSibUAso0odbOaCDj3Q=="
      },
      "Microsoft.Windows.SDK.Win32Docs": {
        "type": "Transitive",
        "resolved": "0.1.41-alpha",
        "contentHash": "UiiJ9XZtW5+SoFwnlve7g+gKjp1gDLdQ9bnOY8goSHXdxMVnmcLlZQy326CfHzSllqhx7+h2bEjQdjYNEaz8ew=="
      },
      "Microsoft.Windows.WDK.Win32Metadata": {
        "type": "Transitive",
        "resolved": "0.7.3-experimental",
        "contentHash": "69eabYuDI6y5SdMfVH+b/+mblw/eMk+j07dzNnZljFjr0UloFaxoXm1kG3B/GelFol9qT8pNTePpejQc14su6A==",
        "dependencies": {
          "Microsoft.Windows.SDK.Win32Metadata": "52.0.65-preview"
        }
      },
      "System.IO.Pipelines": {
        "type": "Transitive",
        "resolved": "7.0.0",
        "contentHash": "jRn6JYnNPW6xgQazROBLSfpdoczRw694vO5kKvMcNnpXuolEixUyw6IBuBs2Y2mlSX/LdLvyyWmfXhaI3ND1Yg=="
      },
      "System.Memory": {
        "type": "Transitive",
        "resolved": "4.5.5",
        "contentHash": "XIWiDvKPXaTveaB7HVganDlOCRoj03l+jrwNvcge/t8vhGYKvqV+dMv6G4SAX2NoNmN0wZfVPTAlFwZcZvVOUw=="
      },
      "System.Reflection.Emit": {
        "type": "Transitive",
        "resolved": "4.6.0",
        "contentHash": "qAo4jyXtC9i71iElngX7P2r+zLaiHzxKwf66sc3X91tL5Ks6fnQ1vxL04o7ZSm3sYfLExySL7GN8aTpNYpU1qw=="
      },
      "System.Reflection.Emit.Lightweight": {
        "type": "Transitive",
        "resolved": "4.6.0",
        "contentHash": "j/V5HVvxvBQ7uubYD0PptQW2KGsi1Pc2kZ9yfwLixv3ADdjL/4M78KyC5e+ymW612DY8ZE4PFoZmWpoNmN2mqg=="
      },
      "System.Runtime.CompilerServices.Unsafe": {
        "type": "Transitive",
        "resolved": "6.0.0",
        "contentHash": "/iUeP3tq1S0XdNNoMz5C9twLSrM/TH+qElHkXWaPvuNOt+99G75NrV0OS2EqHx5wMN7popYjpc8oTjC1y16DLg=="
      },
      "System.Threading.Tasks.Extensions": {
        "type": "Transitive",
        "resolved": "4.5.3",
        "contentHash": "+MvhNtcvIbqmhANyKu91jQnvIRVSTiaOiFNfKWwXGHG48YAb4I/TyH8spsySiPYla7gKal5ZnF3teJqZAximyQ=="
      }
    },
    "net7.0/win-x64": {
      "Microsoft.Win32.SystemEvents": {
        "type": "Direct",
        "requested": "[7.0.0, )",
        "resolved": "7.0.0",
        "contentHash": "2nXPrhdAyAzir0gLl8Yy8S5Mnm/uBSQQA7jEsILOS1MTyS7DbmV1NgViMtvV1sfCD1ebITpNwb1NIinKeJgUVQ=="
      }
    }
  }
}